
Microsoft Visual Studio Solution File, Format Version 12.00
# Visual Studio Version 16
VisualStudioVersion = 16.0.30907.101
MinimumVisualStudioVersion = 10.0.40219.1
Project("{FAE04EC0-301F-11D3-BF4B-00C04F79EFBC}") = "Server_GUI2", "Server_GUI2\Server_GUI2.csproj", "{9F7D16A4-7F4B-419B-B296-C9B63D81A53A}"
EndProject
Project("{54435603-DBB4-11D2-8724-00A0C9A8B90C}") = "Setup_ServerStarter", "Setup_ServerStarter\Setup_ServerStarter.vdproj", "{5D8AA016-F3C2-4B80-8168-2BA1C3258EB1}"
EndProject
Global
	GlobalSection(SolutionConfigurationPlatforms) = preSolution
		Debug|Any CPU = Debug|Any CPU
		Release|Any CPU = Release|Any CPU
	EndGlobalSection
	GlobalSection(ProjectConfigurationPlatforms) = postSolution
		{9F7D16A4-7F4B-419B-B296-C9B63D81A53A}.Debug|Any CPU.ActiveCfg = Debug|Any CPU
		{9F7D16A4-7F4B-419B-B296-C9B63D81A53A}.Debug|Any CPU.Build.0 = Debug|Any CPU
		{9F7D16A4-7F4B-419B-B296-C9B63D81A53A}.Release|Any CPU.ActiveCfg = Release|Any CPU
		{9F7D16A4-7F4B-419B-B296-C9B63D81A53A}.Release|Any CPU.Build.0 = Release|Any CPU
		{5D8AA016-F3C2-4B80-8168-2BA1C3258EB1}.Debug|Any CPU.ActiveCfg = Debug
		{5D8AA016-F3C2-4B80-8168-2BA1C3258EB1}.Release|Any CPU.ActiveCfg = Release
	EndGlobalSection
	GlobalSection(SolutionProperties) = preSolution
		HideSolutionNode = FALSE
	EndGlobalSection
	GlobalSection(ExtensibilityGlobals) = postSolution
		SolutionGuid = {31E49821-4178-459C-A26F-AF499813B54C}
	EndGlobalSection
EndGlobal
